
Microsoft Visual Studio Solution File, Format Version 12.00
# Visual Studio 15
VisualStudioVersion = 15.0.28307.168
MinimumVisualStudioVersion = 10.0.40219.1
Project("{E24C65DC-7377-472B-9ABA-BC803B73C61A}") = "chess-web-app", ".", "{71F7F906-2934-45E4-AB8C-7F6F764AC20B}"
	ProjectSection(WebsiteProperties) = preProject
		TargetFrameworkMoniker = ".NETFramework,Version%3Dv4.0"
		Debug.AspNetCompiler.VirtualPath = "/localhost_49197"
		Debug.AspNetCompiler.PhysicalPath = "..\chess-web-app\"
		Debug.AspNetCompiler.TargetPath = "PrecompiledWeb\localhost_49197\"
		Debug.AspNetCompiler.Updateable = "true"
		Debug.AspNetCompiler.ForceOverwrite = "true"
		Debug.AspNetCompiler.FixedNames = "false"
		Debug.AspNetCompiler.Debug = "True"
		Release.AspNetCompiler.VirtualPath = "/localhost_49197"
		Release.AspNetCompiler.PhysicalPath = "..\chess-web-app\"
		Release.AspNetCompiler.TargetPath = "PrecompiledWeb\localhost_49197\"
		Release.AspNetCompiler.Updateable = "true"
		Release.AspNetCompiler.ForceOverwrite = "true"
		Release.AspNetCompiler.FixedNames = "false"
		Release.AspNetCompiler.Debug = "False"
		VWDPort = "49197"
		SlnRelativePath = "..\chess-web-app\"
	EndProjectSection
EndProject
Global
	GlobalSection(SolutionConfigurationPlatforms) = preSolution
		Debug|Any CPU = Debug|Any CPU
	EndGlobalSection
	GlobalSection(ProjectConfigurationPlatforms) = postSolution
		{71F7F906-2934-45E4-AB8C-7F6F764AC20B}.Debug|Any CPU.ActiveCfg = Debug|Any CPU
		{71F7F906-2934-45E4-AB8C-7F6F764AC20B}.Debug|Any CPU.Build.0 = Debug|Any CPU
	EndGlobalSection
	GlobalSection(SolutionProperties) = preSolution
		HideSolutionNode = FALSE
	EndGlobalSection
	GlobalSection(ExtensibilityGlobals) = postSolution
		SolutionGuid = {09115603-5CEE-48E7-A40A-8B15759CDD97}
	EndGlobalSection
EndGlobal
